// !$*UTF8*$!
{
	archiveVersion = 1;
	classes = {
	};
	objectVersion = 55;
	objects = {

/* Begin PBXBuildFile section */
		8A2F954528BD2E80001FC482 /* Entity+CoreDataClass.swift in Sources */ = {isa = PBXBuildFile; fileRef = 8A2F954328BD2E80001FC482 /* Entity+CoreDataClass.swift */; };
		8A2F954628BD2E80001FC482 /* Entity+CoreDataProperties.swift in Sources */ = {isa = PBXBuildFile; fileRef = 8A2F954428BD2E80001FC482 /* Entity+CoreDataProperties.swift */; };
		8A4B328128BAE2D60040250D /* MainView.swift in Sources */ = {isa = PBXBuildFile; fileRef = 8A4B328028BAE2D60040250D /* MainView.swift */; };
		8A4B328328BAE3360040250D /* HistoryView.swift in Sources */ = {isa = PBXBuildFile; fileRef = 8A4B328228BAE3360040250D /* HistoryView.swift */; };
		8A64D3E328BD61E10023AC51 /* Persistant.swift in Sources */ = {isa = PBXBuildFile; fileRef = 8A64D3E228BD61E10023AC51 /* Persistant.swift */; };
		8A64D3E628BD89B10023AC51 /* TrafficLightsHistory.xcdatamodeld in Sources */ = {isa = PBXBuildFile; fileRef = 8A64D3E428BD89B10023AC51 /* TrafficLightsHistory.xcdatamodeld */; };
		8A64D3E828BDCA6E0023AC51 /* EventRow.swift in Sources */ = {isa = PBXBuildFile; fileRef = 8A64D3E728BDCA6E0023AC51 /* EventRow.swift */; };
		8A64D3F028BE80570023AC51 /* StringConstant.swift in Sources */ = {isa = PBXBuildFile; fileRef = 8A64D3EF28BE80570023AC51 /* StringConstant.swift */; };
		8A64D3F228BE82FB0023AC51 /* LightsView.swift in Sources */ = {isa = PBXBuildFile; fileRef = 8A64D3F128BE82FB0023AC51 /* LightsView.swift */; };
		8AF4144028B839C1008A2990 /* TrafficLightsApp.swift in Sources */ = {isa = PBXBuildFile; fileRef = 8AF4143F28B839C1008A2990 /* TrafficLightsApp.swift */; };
		8AF4144428B839C4008A2990 /* Assets.xcassets in Resources */ = {isa = PBXBuildFile; fileRef = 8AF4144328B839C4008A2990 /* Assets.xcassets */; };
		8AF4144728B839C4008A2990 /* Preview Assets.xcassets in Resources */ = {isa = PBXBuildFile; fileRef = 8AF4144628B839C4008A2990 /* Preview Assets.xcassets */; };
		8AF4144E28B84137008A2990 /* enums.swift in Sources */ = {isa = PBXBuildFile; fileRef = 8AF4144D28B84137008A2990 /* enums.swift */; };
/* End PBXBuildFile section */

/* Begin PBXFileReference section */
		8A2F954328BD2E80001FC482 /* Entity+CoreDataClass.swift */ = {isa = PBXFileReference; lastKnownFileType = sourcecode.swift; path = "Entity+CoreDataClass.swift"; sourceTree = "<group>"; };
		8A2F954428BD2E80001FC482 /* Entity+CoreDataProperties.swift */ = {isa = PBXFileReference; lastKnownFileType = sourcecode.swift; path = "Entity+CoreDataProperties.swift"; sourceTree = "<group>"; };
		8A4B328028BAE2D60040250D /* MainView.swift */ = {isa = PBXFileReference; lastKnownFileType = sourcecode.swift; path = MainView.swift; sourceTree = "<group>"; };
		8A4B328228BAE3360040250D /* HistoryView.swift */ = {isa = PBXFileReference; lastKnownFileType = sourcecode.swift; path = HistoryView.swift; sourceTree = "<group>"; };
		8A4C64C728BC13F100D03806 /* Info.plist */ = {isa = PBXFileReference; lastKnownFileType = text.plist; path = Info.plist; sourceTree = "<group>"; };
		8A64D3E228BD61E10023AC51 /* Persistant.swift */ = {isa = PBXFileReference; lastKnownFileType = sourcecode.swift; path = Persistant.swift; sourceTree = "<group>"; };
		8A64D3E528BD89B10023AC51 /* TrafficLightsHistory.xcdatamodel */ = {isa = PBXFileReference; lastKnownFileType = wrapper.xcdatamodel; path = TrafficLightsHistory.xcdatamodel; sourceTree = "<group>"; };
		8A64D3E728BDCA6E0023AC51 /* EventRow.swift */ = {isa = PBXFileReference; lastKnownFileType = sourcecode.swift; path = EventRow.swift; sourceTree = "<group>"; };
		8A64D3EF28BE80570023AC51 /* StringConstant.swift */ = {isa = PBXFileReference; lastKnownFileType = sourcecode.swift; path = StringConstant.swift; sourceTree = "<group>"; };
		8A64D3F128BE82FB0023AC51 /* LightsView.swift */ = {isa = PBXFileReference; lastKnownFileType = sourcecode.swift; path = LightsView.swift; sourceTree = "<group>"; };
		8AF4143C28B839C1008A2990 /* TrafficLights.app */ = {isa = PBXFileReference; explicitFileType = wrapper.application; includeInIndex = 0; path = TrafficLights.app; sourceTree = BUILT_PRODUCTS_DIR; };
		8AF4143F28B839C1008A2990 /* TrafficLightsApp.swift */ = {isa = PBXFileReference; lastKnownFileType = sourcecode.swift; path = TrafficLightsApp.swift; sourceTree = "<group>"; };
		8AF4144328B839C4008A2990 /* Assets.xcassets */ = {isa = PBXFileReference; lastKnownFileType = folder.assetcatalog; path = Assets.xcassets; sourceTree = "<group>"; };
		8AF4144628B839C4008A2990 /* Preview Assets.xcassets */ = {isa = PBXFileReference; lastKnownFileType = folder.assetcatalog; path = "Preview Assets.xcassets"; sourceTree = "<group>"; };
		8AF4144D28B84137008A2990 /* enums.swift */ = {isa = PBXFileReference; lastKnownFileType = sourcecode.swift; path = enums.swift; sourceTree = "<group>"; };
/* End PBXFileReference section */

/* Begin PBXFrameworksBuildPhase section */
		8AF4143928B839C1008A2990 /* Frameworks */ = {
			isa = PBXFrameworksBuildPhase;
			buildActionMask = 2147483647;
			files = (
			);
			runOnlyForDeploymentPostprocessing = 0;
		};
/* End PBXFrameworksBuildPhase section */

/* Begin PBXGroup section */
		8A64D3E928BE50E30023AC51 /* CoreData */ = {
			isa = PBXGroup;
			children = (
				8A64D3E228BD61E10023AC51 /* Persistant.swift */,
				8A2F954328BD2E80001FC482 /* Entity+CoreDataClass.swift */,
				8A2F954428BD2E80001FC482 /* Entity+CoreDataProperties.swift */,
			);
			path = CoreData;
			sourceTree = "<group>";
		};
		8A64D3EA28BE51140023AC51 /* Views */ = {
			isa = PBXGroup;
			children = (
				8AF4143F28B839C1008A2990 /* TrafficLightsApp.swift */,
				8A4B328028BAE2D60040250D /* MainView.swift */,
				8A4B328228BAE3360040250D /* HistoryView.swift */,
				8A64D3E728BDCA6E0023AC51 /* EventRow.swift */,
				8A64D3F128BE82FB0023AC51 /* LightsView.swift */,
			);
			path = Views;
			sourceTree = "<group>";
		};
		8A64D3EC28BE514F0023AC51 /* Enum */ = {
			isa = PBXGroup;
			children = (
				8AF4144D28B84137008A2990 /* enums.swift */,
				8A64D3EF28BE80570023AC51 /* StringConstant.swift */,
			);
			path = Enum;
			sourceTree = "<group>";
		};
		8AF4143328B839C1008A2990 = {
			isa = PBXGroup;
			children = (
				8AF4143E28B839C1008A2990 /* TrafficLights */,
				8AF4143D28B839C1008A2990 /* Products */,
			);
			sourceTree = "<group>";
		};
		8AF4143D28B839C1008A2990 /* Products */ = {
			isa = PBXGroup;
			children = (
				8AF4143C28B839C1008A2990 /* TrafficLights.app */,
			);
			name = Products;
			sourceTree = "<group>";
		};
		8AF4143E28B839C1008A2990 /* TrafficLights */ = {
			isa = PBXGroup;
			children = (
				8A64D3E928BE50E30023AC51 /* CoreData */,
				8A64D3EC28BE514F0023AC51 /* Enum */,
				8A64D3EA28BE51140023AC51 /* Views */,
				8A4C64C728BC13F100D03806 /* Info.plist */,
				8AF4144328B839C4008A2990 /* Assets.xcassets */,
				8A64D3E428BD89B10023AC51 /* TrafficLightsHistory.xcdatamodeld */,
				8AF4144528B839C4008A2990 /* Preview Content */,
			);
			path = TrafficLights;
			sourceTree = "<group>";
		};
		8AF4144528B839C4008A2990 /* Preview Content */ = {
			isa = PBXGroup;
			children = (
				8AF4144628B839C4008A2990 /* Preview Assets.xcassets */,
			);
			path = "Preview Content";
			sourceTree = "<group>";
		};
/* End PBXGroup section */

/* Begin PBXNativeTarget section */
		8AF4143B28B839C1008A2990 /* TrafficLights */ = {
			isa = PBXNativeTarget;
			buildConfigurationList = 8AF4144A28B839C4008A2990 /* Build configuration list for PBXNativeTarget "TrafficLights" */;
			buildPhases = (
				8AF4143828B839C1008A2990 /* Sources */,
				8AF4143928B839C1008A2990 /* Frameworks */,
				8AF4143A28B839C1008A2990 /* Resources */,
			);
			buildRules = (
			);
			dependencies = (
			);
			name = TrafficLights;
			productName = TrafficLights;
			productReference = 8AF4143C28B839C1008A2990 /* TrafficLights.app */;
			productType = "com.apple.product-type.application";
		};
/* End PBXNativeTarget section */

/* Begin PBXProject section */
		8AF4143428B839C1008A2990 /* Project object */ = {
			isa = PBXProject;
			attributes = {
				BuildIndependentTargetsInParallel = 1;
				LastSwiftUpdateCheck = 1340;
				LastUpgradeCheck = 1340;
				TargetAttributes = {
					8AF4143B28B839C1008A2990 = {
						CreatedOnToolsVersion = 13.4;
					};
				};
			};
			buildConfigurationList = 8AF4143728B839C1008A2990 /* Build configuration list for PBXProject "TrafficLights" */;
			compatibilityVersion = "Xcode 13.0";
			developmentRegion = en;
			hasScannedForEncodings = 0;
			knownRegions = (
				en,
				Base,
			);
			mainGroup = 8AF4143328B839C1008A2990;
			productRefGroup = 8AF4143D28B839C1008A2990 /* Products */;
			projectDirPath = "";
			projectRoot = "";
			targets = (
				8AF4143B28B839C1008A2990 /* TrafficLights */,
			);
		};
/* End PBXProject section */

/* Begin PBXResourcesBuildPhase section */
		8AF4143A28B839C1008A2990 /* Resources */ = {
			isa = PBXResourcesBuildPhase;
			buildActionMask = 2147483647;
			files = (
				8AF4144728B839C4008A2990 /* Preview Assets.xcassets in Resources */,
				8AF4144428B839C4008A2990 /* Assets.xcassets in Resources */,
			);
			runOnlyForDeploymentPostprocessing = 0;
		};
/* End PBXResourcesBuildPhase section */

/* Begin PBXSourcesBuildPhase section */
		8AF4143828B839C1008A2990 /* Sources */ = {
			isa = PBXSourcesBuildPhase;
			buildActionMask = 2147483647;
			files = (
				8AF4144E28B84137008A2990 /* enums.swift in Sources */,
				8A64D3E828BDCA6E0023AC51 /* EventRow.swift in Sources */,
				8A4B328328BAE3360040250D /* HistoryView.swift in Sources */,
				8A2F954528BD2E80001FC482 /* Entity+CoreDataClass.swift in Sources */,
				8A2F954628BD2E80001FC482 /* Entity+CoreDataProperties.swift in Sources */,
				8A64D3E328BD61E10023AC51 /* Persistant.swift in Sources */,
				8A64D3F028BE80570023AC51 /* StringConstant.swift in Sources */,
				8A4B328128BAE2D60040250D /* MainView.swift in Sources */,
				8AF4144028B839C1008A2990 /* TrafficLightsApp.swift in Sources */,
				8A64D3F228BE82FB0023AC51 /* LightsView.swift in Sources */,
				8A64D3E628BD89B10023AC51 /* TrafficLightsHistory.xcdatamodeld in Sources */,
			);
			runOnlyForDeploymentPostprocessing = 0;
		};
/* End PBXSourcesBuildPhase section */

/* Begin XCBuildConfiguration section */
		8AF4144828B839C4008A2990 /* Debug */ = {
			isa = XCBuildConfiguration;
			buildSettings = {
				ALWAYS_SEARCH_USER_PATHS = NO;
				CLANG_ANALYZER_NONNULL = YES;
				CLANG_ANALYZER_NUMBER_OBJECT_CONVERSION = YES_AGGRESSIVE;
				CLANG_CXX_LANGUAGE_STANDARD = "gnu++17";
				CLANG_ENABLE_MODULES = YES;
				CLANG_ENABLE_OBJC_ARC = YES;
				CLANG_ENABLE_OBJC_WEAK = YES;
				CLANG_WARN_BLOCK_CAPTURE_AUTORELEASING = YES;
				CLANG_WARN_BOOL_CONVERSION = YES;
				CLANG_WARN_COMMA = YES;
				CLANG_WARN_CONSTANT_CONVERSION = YES;
				CLANG_WARN_DEPRECATED_OBJC_IMPLEMENTATIONS = YES;
				CLANG_WARN_DIRECT_OBJC_ISA_USAGE = YES_ERROR;
				CLANG_WARN_DOCUMENTATION_COMMENTS = YES;
				CLANG_WARN_EMPTY_BODY = YES;
				CLANG_WARN_ENUM_CONVERSION = YES;
				CLANG_WARN_INFINITE_RECURSION = YES;
				CLANG_WARN_INT_CONVERSION = YES;
				CLANG_WARN_NON_LITERAL_NULL_CONVERSION = YES;
				CLANG_WARN_OBJC_IMPLICIT_RETAIN_SELF = YES;
				CLANG_WARN_OBJC_LITERAL_CONVERSION = YES;
				CLANG_WARN_OBJC_ROOT_CLASS = YES_ERROR;
				CLANG_WARN_QUOTED_INCLUDE_IN_FRAMEWORK_HEADER = YES;
				CLANG_WARN_RANGE_LOOP_ANALYSIS = YES;
				CLANG_WARN_STRICT_PROTOTYPES = YES;
				CLANG_WARN_SUSPICIOUS_MOVE = YES;
				CLANG_WARN_UNGUARDED_AVAILABILITY = YES_AGGRESSIVE;
				CLANG_WARN_UNREACHABLE_CODE = YES;
				CLANG_WARN__DUPLICATE_METHOD_MATCH = YES;
				COPY_PHASE_STRIP = NO;
				DEBUG_INFORMATION_FORMAT = dwarf;
				ENABLE_STRICT_OBJC_MSGSEND = YES;
				ENABLE_TESTABILITY = YES;
				GCC_C_LANGUAGE_STANDARD = gnu11;
				GCC_DYNAMIC_NO_PIC = NO;
				GCC_NO_COMMON_BLOCKS = YES;
				GCC_OPTIMIZATION_LEVEL = 0;
				GCC_PREPROCESSOR_DEFINITIONS = (
					"DEBUG=1",
					"$(inherited)",
				);
				GCC_WARN_64_TO_32_BIT_CONVERSION = YES;
				GCC_WARN_ABOUT_RETURN_TYPE = YES_ERROR;
				GCC_WARN_UNDECLARED_SELECTOR = YES;
				GCC_WARN_UNINITIALIZED_AUTOS = YES_AGGRESSIVE;
				GCC_WARN_UNUSED_FUNCTION = YES;
				GCC_WARN_UNUSED_VARIABLE = YES;
				IPHONEOS_DEPLOYMENT_TARGET = 15.5;
				MTL_ENABLE_DEBUG_INFO = INCLUDE_SOURCE;
				MTL_FAST_MATH = YES;
				ONLY_ACTIVE_ARCH = YES;
				SDKROOT = iphoneos;
				SWIFT_ACTIVE_COMPILATION_CONDITIONS = DEBUG;
				SWIFT_OPTIMIZATION_LEVEL = "-Onone";
			};
			name = Debug;
		};
		8AF4144928B839C4008A2990 /* Release */ = {
			isa = XCBuildConfiguration;
			buildSettings = {
				ALWAYS_SEARCH_USER_PATHS = NO;
				CLANG_ANALYZER_NONNULL = YES;
				CLANG_ANALYZER_NUMBER_OBJECT_CONVERSION = YES_AGGRESSIVE;
				CLANG_CXX_LANGUAGE_STANDARD = "gnu++17";
				CLANG_ENABLE_MODULES = YES;
				CLANG_ENABLE_OBJC_ARC = YES;
				CLANG_ENABLE_OBJC_WEAK = YES;
				CLANG_WARN_BLOCK_CAPTURE_AUTORELEASING = YES;
				CLANG_WARN_BOOL_CONVERSION = YES;
				CLANG_WARN_COMMA = YES;
				CLANG_WARN_CONSTANT_CONVERSION = YES;
				CLANG_WARN_DEPRECATED_OBJC_IMPLEMENTATIONS = YES;
				CLANG_WARN_DIRECT_OBJC_ISA_USAGE = YES_ERROR;
				CLANG_WARN_DOCUMENTATION_COMMENTS = YES;
				CLANG_WARN_EMPTY_BODY = YES;
				CLANG_WARN_ENUM_CONVERSION = YES;
				CLANG_WARN_INFINITE_RECURSION = YES;
				CLANG_WARN_INT_CONVERSION = YES;
				CLANG_WARN_NON_LITERAL_NULL_CONVERSION = YES;
				CLANG_WARN_OBJC_IMPLICIT_RETAIN_SELF = YES;
				CLANG_WARN_OBJC_LITERAL_CONVERSION = YES;
				CLANG_WARN_OBJC_ROOT_CLASS = YES_ERROR;
				CLANG_WARN_QUOTED_INCLUDE_IN_FRAMEWORK_HEADER = YES;
				CLANG_WARN_RANGE_LOOP_ANALYSIS = YES;
				CLANG_WARN_STRICT_PROTOTYPES = YES;
				CLANG_WARN_SUSPICIOUS_MOVE = YES;
				CLANG_WARN_UNGUARDED_AVAILABILITY = YES_AGGRESSIVE;
				CLANG_WARN_UNREACHABLE_CODE = YES;
				CLANG_WARN__DUPLICATE_METHOD_MATCH = YES;
				COPY_PHASE_STRIP = NO;
				DEBUG_INFORMATION_FORMAT = "dwarf-with-dsym";
				ENABLE_NS_ASSERTIONS = NO;
				ENABLE_STRICT_OBJC_MSGSEND = YES;
				GCC_C_LANGUAGE_STANDARD = gnu11;
				GCC_NO_COMMON_BLOCKS = YES;
				GCC_WARN_64_TO_32_BIT_CONVERSION = YES;
				GCC_WARN_ABOUT_RETURN_TYPE = YES_ERROR;
				GCC_WARN_UNDECLARED_SELECTOR = YES;
				GCC_WARN_UNINITIALIZED_AUTOS = YES_AGGRESSIVE;
				GCC_WARN_UNUSED_FUNCTION = YES;
				GCC_WARN_UNUSED_VARIABLE = YES;
				IPHONEOS_DEPLOYMENT_TARGET = 15.5;
				MTL_ENABLE_DEBUG_INFO = NO;
				MTL_FAST_MATH = YES;
				SDKROOT = iphoneos;
				SWIFT_COMPILATION_MODE = wholemodule;
				SWIFT_OPTIMIZATION_LEVEL = "-O";
				VALIDATE_PRODUCT = YES;
			};
			name = Release;
		};
		8AF4144B28B839C4008A2990 /* Debug */ = {
			isa = XCBuildConfiguration;
			buildSettings = {
				ASSETCATALOG_COMPILER_APPICON_NAME = AppIcon;
				ASSETCATALOG_COMPILER_GLOBAL_ACCENT_COLOR_NAME = AccentColor;
				CODE_SIGN_STYLE = Automatic;
				CURRENT_PROJECT_VERSION = 1;
				DEVELOPMENT_ASSET_PATHS = "\"TrafficLights/Preview Content\"";
				ENABLE_PREVIEWS = YES;
				GENERATE_INFOPLIST_FILE = YES;
				INFOPLIST_FILE = TrafficLights/Info.plist;
				INFOPLIST_KEY_UIApplicationSceneManifest_Generation = YES;
				INFOPLIST_KEY_UIApplicationSupportsIndirectInputEvents = YES;
				INFOPLIST_KEY_UISupportedInterfaceOrientations_iPad = "UIInterfaceOrientationPortrait UIInterfaceOrientationPortraitUpsideDown UIInterfaceOrientationLandscapeLeft UIInterfaceOrientationLandscapeRight";
				INFOPLIST_KEY_UISupportedInterfaceOrientations_iPhone = "UIInterfaceOrientationPortrait UIInterfaceOrientationLandscapeLeft UIInterfaceOrientationLandscapeRight";
				LD_RUNPATH_SEARCH_PATHS = (
					"$(inherited)",
					"@executable_path/Frameworks",
				);
				MARKETING_VERSION = 1.0;
				PRODUCT_BUNDLE_IDENTIFIER = Sofit.TrafficLights;
				PRODUCT_NAME = "$(TARGET_NAME)";
				SWIFT_EMIT_LOC_STRINGS = YES;
				SWIFT_VERSION = 5.0;
				TARGETED_DEVICE_FAMILY = "1,2";
			};
			name = Debug;
		};
		8AF4144C28B839C4008A2990 /* Release */ = {
			isa = XCBuildConfiguration;
			buildSettings = {
				ASSETCATALOG_COMPILER_APPICON_NAME = AppIcon;
				ASSETCATALOG_COMPILER_GLOBAL_ACCENT_COLOR_NAME = AccentColor;
				CODE_SIGN_STYLE = Automatic;
				CURRENT_PROJECT_VERSION = 1;
				DEVELOPMENT_ASSET_PATHS = "\"TrafficLights/Preview Content\"";
				ENABLE_PREVIEWS = YES;
				GENERATE_INFOPLIST_FILE = YES;
				INFOPLIST_FILE = TrafficLights/Info.plist;
				INFOPLIST_KEY_UIApplicationSceneManifest_Generation = YES;
				INFOPLIST_KEY_UIApplicationSupportsIndirectInputEvents = YES;
				INFOPLIST_KEY_UISupportedInterfaceOrientations_iPad = "UIInterfaceOrientationPortrait UIInterfaceOrientationPortraitUpsideDown UIInterfaceOrientationLandscapeLeft UIInterfaceOrientationLandscapeRight";
				INFOPLIST_KEY_UISupportedInterfaceOrientations_iPhone = "UIInterfaceOrientationPortrait UIInterfaceOrientationLandscapeLeft UIInterfaceOrientationLandscapeRight";
				LD_RUNPATH_SEARCH_PATHS = (
					"$(inherited)",
					"@executable_path/Frameworks",
				);
				MARKETING_VERSION = 1.0;
				PRODUCT_BUNDLE_IDENTIFIER = Sofit.TrafficLights;
				PRODUCT_NAME = "$(TARGET_NAME)";
				SWIFT_EMIT_LOC_STRINGS = YES;
				SWIFT_VERSION = 5.0;
				TARGETED_DEVICE_FAMILY = "1,2";
			};
			name = Release;
		};
/* End XCBuildConfiguration section */

/* Begin XCConfigurationList section */
		8AF4143728B839C1008A2990 /* Build configuration list for PBXProject "TrafficLights" */ = {
			isa = XCConfigurationList;
			buildConfigurations = (
				8AF4144828B839C4008A2990 /* Debug */,
				8AF4144928B839C4008A2990 /* Release */,
			);
			defaultConfigurationIsVisible = 0;
			defaultConfigurationName = Release;
		};
		8AF4144A28B839C4008A2990 /* Build configuration list for PBXNativeTarget "TrafficLights" */ = {
			isa = XCConfigurationList;
			buildConfigurations = (
				8AF4144B28B839C4008A2990 /* Debug */,
				8AF4144C28B839C4008A2990 /* Release */,
			);
			defaultConfigurationIsVisible = 0;
			defaultConfigurationName = Release;
		};
/* End XCConfigurationList section */

/* Begin XCVersionGroup section */
		8A64D3E428BD89B10023AC51 /* TrafficLightsHistory.xcdatamodeld */ = {
			isa = XCVersionGroup;
			children = (
				8A64D3E528BD89B10023AC51 /* TrafficLightsHistory.xcdatamodel */,
			);
			currentVersion = 8A64D3E528BD89B10023AC51 /* TrafficLightsHistory.xcdatamodel */;
			path = TrafficLightsHistory.xcdatamodeld;
			sourceTree = "<group>";
			versionGroupType = wrapper.xcdatamodel;
		};
/* End XCVersionGroup section */
	};
	rootObject = 8AF4143428B839C1008A2990 /* Project object */;
}
